Microsoft Visual Studio Solution File, Format Version 12.00
# Visual Studio Version 17
VisualStudioVersion = 17.5.2.0
MinimumVisualStudioVersion = 10.0.40219.1
Project("{FAE04EC0-301F-11D3-BF4B-00C04F79EFBC}") = "IdentityService.API", "IdentityService.API.csproj", "{24B99B1F-39B3-9007-6051-CEA2767E575A}"
EndProject
Global
	GlobalSection(SolutionConfigurationPlatforms) = preSolution
		Debug|Any CPU = Debug|Any CPU
		Release|Any CPU = Release|Any CPU
	EndGlobalSection
	GlobalSection(ProjectConfigurationPlatforms) = postSolution
		{24B99B1F-39B3-9007-6051-CEA2767E575A}.Debug|Any CPU.ActiveCfg = Debug|Any CPU
		{24B99B1F-39B3-9007-6051-CEA2767E575A}.Debug|Any CPU.Build.0 = Debug|Any CPU
		{24B99B1F-39B3-9007-6051-CEA2767E575A}.Release|Any CPU.ActiveCfg = Release|Any CPU
		{24B99B1F-39B3-9007-6051-CEA2767E575A}.Release|Any CPU.Build.0 = Release|Any CPU
	EndGlobalSection
	GlobalSection(SolutionProperties) = preSolution
		HideSolutionNode = FALSE
	EndGlobalSection
	GlobalSection(ExtensibilityGlobals) = postSolution
		SolutionGuid = {6E127D20-1276-4857-8551-DEF5361C6511}
	EndGlobalSection
EndGlobal
